
Microsoft Visual Studio Solution File, Format Version 12.00
# Visual Studio Version 16
VisualStudioVersion = 16.0.31613.86
MinimumVisualStudioVersion = 10.0.40219.1
Project("{FAE04EC0-301F-11D3-BF4B-00C04F79EFBC}") = "WebApplication9", "WebApplication9\WebApplication9.csproj", "{4188A45D-FBF7-493E-BC14-342E62928A33}"
EndProject
Global
	GlobalSection(SolutionConfigurationPlatforms) = preSolution
		Debug|Any CPU = Debug|Any CPU
		Release|Any CPU = Release|Any CPU
	EndGlobalSection
	GlobalSection(ProjectConfigurationPlatforms) = postSolution
		{4188A45D-FBF7-493E-BC14-342E62928A33}.Debug|Any CPU.ActiveCfg = Debug|Any CPU
		{4188A45D-FBF7-493E-BC14-342E62928A33}.Debug|Any CPU.Build.0 = Debug|Any CPU
		{4188A45D-FBF7-493E-BC14-342E62928A33}.Release|Any CPU.ActiveCfg = Release|Any CPU
		{4188A45D-FBF7-493E-BC14-342E62928A33}.Release|Any CPU.Build.0 = Release|Any CPU
	EndGlobalSection
	GlobalSection(SolutionProperties) = preSolution
		HideSolutionNode = FALSE
	EndGlobalSection
	GlobalSection(ExtensibilityGlobals) = postSolution
		SolutionGuid = {74348CA2-352C-47FC-9A72-958CA3E37142}
	EndGlobalSection
EndGlobal
